
Microsoft Visual Studio Solution File, Format Version 12.00
# Visual Studio 15
VisualStudioVersion = 15.0.26430.14
MinimumVisualStudioVersion = 10.0.40219.1
Project("{2150E333-8FDC-42A3-9474-1A3956D46DE8}") = "Docker", "Docker", "{78567368-C2B4-4DF1-A014-733C731EE53F}"
	ProjectSection(SolutionItems) = preProject
		.dockerignore = .dockerignore
		dockerfile = dockerfile
	EndProjectSection
EndProject
Project("{2150E333-8FDC-42A3-9474-1A3956D46DE8}") = "Build", "Build", "{5EC891BE-D0A5-42AC-82F5-90E271C5DE6F}"
	ProjectSection(SolutionItems) = preProject
		build.sh = build.sh
	EndProjectSection
EndProject
Project("{2150E333-8FDC-42A3-9474-1A3956D46DE8}") = "Deploy", "Deploy", "{AB41A501-3046-4393-A945-806E6FE95082}"
	ProjectSection(SolutionItems) = preProject
		TaskDefinition.json = TaskDefinition.json
	EndProjectSection
EndProject
Project("{2150E333-8FDC-42A3-9474-1A3956D46DE8}") = "src", "src", "{E26F5400-5DE8-4F76-89D2-7E72055BEEB1}"
EndProject
Project("{9A19103F-16F7-4668-BE54-9A1E7A4F7556}") = "DockerDotNetDevsDemo3.ServiceA", "src\DockerDotNetDevsDemo3.ServiceA\DockerDotNetDevsDemo3.ServiceA.csproj", "{1437141A-73A2-43A9-9A75-808989E492EE}"
EndProject
Global
	GlobalSection(SolutionConfigurationPlatforms) = preSolution
		Debug|Any CPU = Debug|Any CPU
		Release|Any CPU = Release|Any CPU
	EndGlobalSection
	GlobalSection(ProjectConfigurationPlatforms) = postSolution
		{1437141A-73A2-43A9-9A75-808989E492EE}.Debug|Any CPU.ActiveCfg = Debug|Any CPU
		{1437141A-73A2-43A9-9A75-808989E492EE}.Debug|Any CPU.Build.0 = Debug|Any CPU
		{1437141A-73A2-43A9-9A75-808989E492EE}.Release|Any CPU.ActiveCfg = Release|Any CPU
		{1437141A-73A2-43A9-9A75-808989E492EE}.Release|Any CPU.Build.0 = Release|Any CPU
	EndGlobalSection
	GlobalSection(SolutionProperties) = preSolution
		HideSolutionNode = FALSE
	EndGlobalSection
	GlobalSection(NestedProjects) = preSolution
		{1437141A-73A2-43A9-9A75-808989E492EE} = {E26F5400-5DE8-4F76-89D2-7E72055BEEB1}
	EndGlobalSection
EndGlobal
